
Microsoft Visual Studio Solution File, Format Version 12.00
# Visual Studio Version 16
VisualStudioVersion = 16.0.29215.179
MinimumVisualStudioVersion = 10.0.40219.1
Project("{FAE04EC0-301F-11D3-BF4B-00C04F79EFBC}") = "UDPNumberSender", "UDPNumberSender\UDPNumberSender.csproj", "{550E8F8B-0F36-464E-A6E0-ED9D89FF52A1}"
EndProject
Global
	GlobalSection(SolutionConfigurationPlatforms) = preSolution
		Debug|Any CPU = Debug|Any CPU
		Release|Any CPU = Release|Any CPU
	EndGlobalSection
	GlobalSection(ProjectConfigurationPlatforms) = postSolution
		{550E8F8B-0F36-464E-A6E0-ED9D89FF52A1}.Debug|Any CPU.ActiveCfg = Debug|Any CPU
		{550E8F8B-0F36-464E-A6E0-ED9D89FF52A1}.Debug|Any CPU.Build.0 = Debug|Any CPU
		{550E8F8B-0F36-464E-A6E0-ED9D89FF52A1}.Release|Any CPU.ActiveCfg = Release|Any CPU
		{550E8F8B-0F36-464E-A6E0-ED9D89FF52A1}.Release|Any CPU.Build.0 = Release|Any CPU
	EndGlobalSection
	GlobalSection(SolutionProperties) = preSolution
		HideSolutionNode = FALSE
	EndGlobalSection
	GlobalSection(ExtensibilityGlobals) = postSolution
		SolutionGuid = {571E93CB-F0F1-4D39-9C75-D8E1EF968F71}
	EndGlobalSection
EndGlobal
